{
  "name": "wx-demo",
  "version": "1.0.0",
  "lockfileVersion": 2,
  "requires": true,
  "packages": {
    "": {
      "name": "wx-demo",
      "version": "1.0.0",
      "license": "ISC",
      "dependencies": {
        "@daai/wx": "^1.1.51"
      }
    },
    "node_modules/@daai/wx": {
      "version": "1.1.51",
      "resolved": "https://registry.npmjs.org/@daai/wx/-/wx-1.1.51.tgz",
      "integrity": "sha512-Uhm9rW6IHJKVaOg5ffNikzE6hL5/9GE8Z2tNy7GMShzilJ+Xl75E4+dennePCLAbw3Zg0irYmnJgAkjIsU6hQA=="
    }
  },
  "dependencies": {
    "@daai/wx": {
      "version": "1.1.51",
      "resolved": "https://registry.npmjs.org/@daai/wx/-/wx-1.1.51.tgz",
      "integrity": "sha512-Uhm9rW6IHJKVaOg5ffNikzE6hL5/9GE8Z2tNy7GMShzilJ+Xl75E4+dennePCLAbw3Zg0irYmnJgAkjIsU6hQA=="
    }
  }
}
